
Microsoft Visual Studio Solution File, Format Version 12.00
# Visual Studio Version 16
VisualStudioVersion = 16.0.29424.173
MinimumVisualStudioVersion = 10.0.40219.1
Project("{FAE04EC0-301F-11D3-BF4B-00C04F79EFBC}") = "livecoding2", "livecoding2\livecoding2.csproj", "{2139EFD8-B324-4F8C-A888-09B360542CD3}"
EndProject
Global
	GlobalSection(SolutionConfigurationPlatforms) = preSolution
		Debug|Any CPU = Debug|Any CPU
		Release|Any CPU = Release|Any CPU
	EndGlobalSection
	GlobalSection(ProjectConfigurationPlatforms) = postSolution
		{2139EFD8-B324-4F8C-A888-09B360542CD3}.Debug|Any CPU.ActiveCfg = Debug|Any CPU
		{2139EFD8-B324-4F8C-A888-09B360542CD3}.Debug|Any CPU.Build.0 = Debug|Any CPU
		{2139EFD8-B324-4F8C-A888-09B360542CD3}.Release|Any CPU.ActiveCfg = Release|Any CPU
		{2139EFD8-B324-4F8C-A888-09B360542CD3}.Release|Any CPU.Build.0 = Release|Any CPU
	EndGlobalSection
	GlobalSection(SolutionProperties) = preSolution
		HideSolutionNode = FALSE
	EndGlobalSection
	GlobalSection(ExtensibilityGlobals) = postSolution
		SolutionGuid = {E78D5B83-2D38-4093-8E38-5BAB07E19585}
	EndGlobalSection
EndGlobal
